// !$*UTF8*$!
{
	archiveVersion = 1;
	classes = {
	};
	objectVersion = 46;
	objects = {

/* Begin PBXBuildFile section */
		049BBFDF1CCA065500CDA627 /* main.m in Sources */ = {isa = PBXBuildFile; fileRef = 049BBFDE1CCA065500CDA627 /* main.m */; };
		049BBFE21CCA065500CDA627 /* AppDelegate.m in Sources */ = {isa = PBXBuildFile; fileRef = 049BBFE11CCA065500CDA627 /* AppDelegate.m */; };
		049BBFE51CCA065500CDA627 /* ViewController.m in Sources */ = {isa = PBXBuildFile; fileRef = 049BBFE41CCA065500CDA627 /* ViewController.m */; };
		049BBFE81CCA065500CDA627 /* Main.storyboard in Resources */ = {isa = PBXBuildFile; fileRef = 049BBFE61CCA065500CDA627 /* Main.storyboard */; };
		049BBFEA1CCA065500CDA627 /* Assets.xcassets in Resources */ = {isa = PBXBuildFile; fileRef = 049BBFE91CCA065500CDA627 /* Assets.xcassets */; };
		049BBFED1CCA065500CDA627 /* LaunchScreen.storyboard in Resources */ = {isa = PBXBuildFile; fileRef = 049BBFEB1CCA065500CDA627 /* LaunchScreen.storyboard */; };
		049BBFF81CCA065500CDA627 /* iOSTests.m in Sources */ = {isa = PBXBuildFile; fileRef = 049BBFF71CCA065500CDA627 /* iOSTests.m */; };
		049BC0031CCA065500CDA627 /* iOSUITests.m in Sources */ = {isa = PBXBuildFile; fileRef = 049BC0021CCA065500CDA627 /* iOSUITests.m */; };
/* End PBXBuildFile section */

/* Begin PBXContainerItemProxy section */
		049BBFF41CCA065500CDA627 /* PBXContainerItemProxy */ = {
			isa = PBXContainerItemProxy;
			containerPortal = 049BBFD21CCA065500CDA627 /* Project object */;
			proxyType = 1;
			remoteGlobalIDString = 049BBFD91CCA065500CDA627;
			remoteInfo = iOS;
		};
		049BBFFF1CCA065500CDA627 /* PBXContainerItemProxy */ = {
			isa = PBXContainerItemProxy;
			containerPortal = 049BBFD21CCA065500CDA627 /* Project object */;
			proxyType = 1;
			remoteGlobalIDString = 049BBFD91CCA065500CDA627;
			remoteInfo = iOS;
		};
/* End PBXContainerItemProxy section */

/* Begin PBXFileReference section */
		049BBFDA1CCA065500CDA627 /* iOS.app */ = {isa = PBXFileReference; explicitFileType = wrapper.application; includeInIndex = 0; path = iOS.app; sourceTree = BUILT_PRODUCTS_DIR; };
		049BBFDE1CCA065500CDA627 /* main.m */ = {isa = PBXFileReference; lastKnownFileType = sourcecode.c.objc; path = main.m; sourceTree = "<group>"; };
		049BBFE01CCA065500CDA627 /* AppDelegate.h */ = {isa = PBXFileReference; lastKnownFileType = sourcecode.c.h; path = AppDelegate.h; sourceTree = "<group>"; };
		049BBFE11CCA065500CDA627 /* AppDelegate.m */ = {isa = PBXFileReference; lastKnownFileType = sourcecode.c.objc; path = AppDelegate.m; sourceTree = "<group>"; };
		049BBFE31CCA065500CDA627 /* ViewController.h */ = {isa = PBXFileReference; lastKnownFileType = sourcecode.c.h; path = ViewController.h; sourceTree = "<group>"; };
		049BBFE41CCA065500CDA627 /* ViewController.m */ = {isa = PBXFileReference; lastKnownFileType = sourcecode.c.objc; path = ViewController.m; sourceTree = "<group>"; };
		049BBFE71CCA065500CDA627 /* Base */ = {isa = PBXFileReference; lastKnownFileType = file.storyboard; name = Base; path = Base.lproj/Main.storyboard; sourceTree = "<group>"; };
		049BBFE91CCA065500CDA627 /* Assets.xcassets */ = {isa = PBXFileReference; lastKnownFileType = folder.assetcatalog; path = Assets.xcassets; sourceTree = "<group>"; };
		049BBFEC1CCA065500CDA627 /* Base */ = {isa = PBXFileReference; lastKnownFileType = file.storyboard; name = Base; path = Base.lproj/LaunchScreen.storyboard; sourceTree = "<group>"; };
		049BBFEE1CCA065500CDA627 /* Info.plist */ = {isa = PBXFileReference; lastKnownFileType = text.plist.xml; path = Info.plist; sourceTree = "<group>"; };
		049BBFF31CCA065500CDA627 /* iOSTests.xctest */ = {isa = PBXFileReference; explicitFileType = wrapper.cfbundle; includeInIndex = 0; path = iOSTests.xctest; sourceTree = BUILT_PRODUCTS_DIR; };
		049BBFF71CCA065500CDA627 /* iOSTests.m */ = {isa = PBXFileReference; lastKnownFileType = sourcecode.c.objc; path = iOSTests.m; sourceTree = "<group>"; };
		049BBFF91CCA065500CDA627 /* Info.plist */ = {isa = PBXFileReference; lastKnownFileType = text.plist.xml; path = Info.plist; sourceTree = "<group>"; };
		049BBFFE1CCA065500CDA627 /* iOSUITests.xctest */ = {isa = PBXFileReference; explicitFileType = wrapper.cfbundle; includeInIndex = 0; path = iOSUITests.xctest; sourceTree = BUILT_PRODUCTS_DIR; };
		049BC0021CCA065500CDA627 /* iOSUITests.m */ = {isa = PBXFileReference; lastKnownFileType = sourcecode.c.objc; path = iOSUITests.m; sourceTree = "<group>"; };
		049BC0041CCA065500CDA627 /* Info.plist */ = {isa = PBXFileReference; lastKnownFileType = text.plist.xml; path = Info.plist; sourceTree = "<group>"; };
/* End PBXFileReference section */

/* Begin PBXFrameworksBuildPhase section */
		049BBFD71CCA065500CDA627 /* Frameworks */ = {
			isa = PBXFrameworksBuildPhase;
			buildActionMask = 2147483647;
			files = (
			);
			runOnlyForDeploymentPostprocessing = 0;
		};
		049BBFF01CCA065500CDA627 /* Frameworks */ = {
			isa = PBXFrameworksBuildPhase;
			buildActionMask = 2147483647;
			files = (
			);
			runOnlyForDeploymentPostprocessing = 0;
		};
		049BBFFB1CCA065500CDA627 /* Frameworks */ = {
			isa = PBXFrameworksBuildPhase;
			buildActionMask = 2147483647;
			files = (
			);
			runOnlyForDeploymentPostprocessing = 0;
		};
/* End PBXFrameworksBuildPhase section */

/* Begin PBXGroup section */
		049BBFD11CCA065500CDA627 = {
			isa = PBXGroup;
			children = (
				049BBFDC1CCA065500CDA627 /* iOS */,
				049BBFF61CCA065500CDA627 /* iOSTests */,
				049BC0011CCA065500CDA627 /* iOSUITests */,
				049BBFDB1CCA065500CDA627 /* Products */,
			);
			sourceTree = "<group>";
		};
		049BBFDB1CCA065500CDA627 /* Products */ = {
			isa = PBXGroup;
			children = (
				049BBFDA1CCA065500CDA627 /* iOS.app */,
				049BBFF31CCA065500CDA627 /* iOSTests.xctest */,
				049BBFFE1CCA065500CDA627 /* iOSUITests.xctest */,
			);
			name = Products;
			sourceTree = "<group>";
		};
		049BBFDC1CCA065500CDA627 /* iOS */ = {
			isa = PBXGroup;
			children = (
				049BBFE01CCA065500CDA627 /* AppDelegate.h */,
				049BBFE11CCA065500CDA627 /* AppDelegate.m */,
				049BBFE31CCA065500CDA627 /* ViewController.h */,
				049BBFE41CCA065500CDA627 /* ViewController.m */,
				049BBFE61CCA065500CDA627 /* Main.storyboard */,
				049BBFE91CCA065500CDA627 /* Assets.xcassets */,
				049BBFEB1CCA065500CDA627 /* LaunchScreen.storyboard */,
				049BBFEE1CCA065500CDA627 /* Info.plist */,
				049BBFDD1CCA065500CDA627 /* Supporting Files */,
			);
			path = iOS;
			sourceTree = "<group>";
		};
		049BBFDD1CCA065500CDA627 /* Supporting Files */ = {
			isa = PBXGroup;
			children = (
				049BBFDE1CCA065500CDA627 /* main.m */,
			);
			name = "Supporting Files";
			sourceTree = "<group>";
		};
		049BBFF61CCA065500CDA627 /* iOSTests */ = {
			isa = PBXGroup;
			children = (
				049BBFF71CCA065500CDA627 /* iOSTests.m */,
				049BBFF91CCA065500CDA627 /* Info.plist */,
			);
			path = iOSTests;
			sourceTree = "<group>";
		};
		049BC0011CCA065500CDA627 /* iOSUITests */ = {
			isa = PBXGroup;
			children = (
				049BC0021CCA065500CDA627 /* iOSUITests.m */,
				049BC0041CCA065500CDA627 /* Info.plist */,
			);
			path = iOSUITests;
			sourceTree = "<group>";
		};
/* End PBXGroup section */

/* Begin PBXNativeTarget section */
		049BBFD91CCA065500CDA627 /* iOS */ = {
			isa = PBXNativeTarget;
			buildConfigurationList = 049BC0071CCA065500CDA627 /* Build configuration list for PBXNativeTarget "iOS" */;
			buildPhases = (
				049BBFD61CCA065500CDA627 /* Sources */,
				049BBFD71CCA065500CDA627 /* Frameworks */,
				049BBFD81CCA065500CDA627 /* Resources */,
			);
			buildRules = (
			);
			dependencies = (
			);
			name = iOS;
			productName = iOS;
			productReference = 049BBFDA1CCA065500CDA627 /* iOS.app */;
			productType = "com.apple.product-type.application";
		};
		049BBFF21CCA065500CDA627 /* iOSTests */ = {
			isa = PBXNativeTarget;
			buildConfigurationList = 049BC00A1CCA065500CDA627 /* Build configuration list for PBXNativeTarget "iOSTests" */;
			buildPhases = (
				049BBFEF1CCA065500CDA627 /* Sources */,
				049BBFF01CCA065500CDA627 /* Frameworks */,
				049BBFF11CCA065500CDA627 /* Resources */,
			);
			buildRules = (
			);
			dependencies = (
				049BBFF51CCA065500CDA627 /* PBXTargetDependency */,
			);
			name = iOSTests;
			productName = iOSTests;
			productReference = 049BBFF31CCA065500CDA627 /* iOSTests.xctest */;
			productType = "com.apple.product-type.bundle.unit-test";
		};
		049BBFFD1CCA065500CDA627 /* iOSUITests */ = {
			isa = PBXNativeTarget;
			buildConfigurationList = 049BC00D1CCA065500CDA627 /* Build configuration list for PBXNativeTarget "iOSUITests" */;
			buildPhases = (
				049BBFFA1CCA065500CDA627 /* Sources */,
				049BBFFB1CCA065500CDA627 /* Frameworks */,
				049BBFFC1CCA065500CDA627 /* Resources */,
			);
			buildRules = (
			);
			dependencies = (
				049BC0001CCA065500CDA627 /* PBXTargetDependency */,
			);
			name = iOSUITests;
			productName = iOSUITests;
			productReference = 049BBFFE1CCA065500CDA627 /* iOSUITests.xctest */;
			productType = "com.apple.product-type.bundle.ui-testing";
		};
/* End PBXNativeTarget section */

/* Begin PBXProject section */
		049BBFD21CCA065500CDA627 /* Project object */ = {
			isa = PBXProject;
			attributes = {
				LastUpgradeCheck = 0710;
				ORGANIZATIONNAME = afei;
				TargetAttributes = {
					049BBFD91CCA065500CDA627 = {
						CreatedOnToolsVersion = 7.1;
						DevelopmentTeam = D979L54TJN;
					};
					049BBFF21CCA065500CDA627 = {
						CreatedOnToolsVersion = 7.1;
						DevelopmentTeam = D979L54TJN;
						TestTargetID = 049BBFD91CCA065500CDA627;
					};
					049BBFFD1CCA065500CDA627 = {
						CreatedOnToolsVersion = 7.1;
						DevelopmentTeam = D979L54TJN;
						TestTargetID = 049BBFD91CCA065500CDA627;
					};
				};
			};
			buildConfigurationList = 049BBFD51CCA065500CDA627 /* Build configuration list for PBXProject "iOS" */;
			compatibilityVersion = "Xcode 3.2";
			developmentRegion = English;
			hasScannedForEncodings = 0;
			knownRegions = (
				en,
				Base,
			);
			mainGroup = 049BBFD11CCA065500CDA627;
			productRefGroup = 049BBFDB1CCA065500CDA627 /* Products */;
			projectDirPath = "";
			projectRoot = "";
			targets = (
				049BBFD91CCA065500CDA627 /* iOS */,
				049BBFF21CCA065500CDA627 /* iOSTests */,
				049BBFFD1CCA065500CDA627 /* iOSUITests */,
			);
		};
/* End PBXProject section */

/* Begin PBXResourcesBuildPhase section */
		049BBFD81CCA065500CDA627 /* Resources */ = {
			isa = PBXResourcesBuildPhase;
			buildActionMask = 2147483647;
			files = (
				049BBFED1CCA065500CDA627 /* LaunchScreen.storyboard in Resources */,
				049BBFEA1CCA065500CDA627 /* Assets.xcassets in Resources */,
				049BBFE81CCA065500CDA627 /* Main.storyboard in Resources */,
			);
			runOnlyForDeploymentPostprocessing = 0;
		};
		049BBFF11CCA065500CDA627 /* Resources */ = {
			isa = PBXResourcesBuildPhase;
			buildActionMask = 2147483647;
			files = (
			);
			runOnlyForDeploymentPostprocessing = 0;
		};
		049BBFFC1CCA065500CDA627 /* Resources */ = {
			isa = PBXResourcesBuildPhase;
			buildActionMask = 2147483647;
			files = (
			);
			runOnlyForDeploymentPostprocessing = 0;
		};
/* End PBXResourcesBuildPhase section */

/* Begin PBXSourcesBuildPhase section */
		049BBFD61CCA065500CDA627 /* Sources */ = {
			isa = PBXSourcesBuildPhase;
			buildActionMask = 2147483647;
			files = (
				049BBFE51CCA065500CDA627 /* ViewController.m in Sources */,
				049BBFE21CCA065500CDA627 /* AppDelegate.m in Sources */,
				049BBFDF1CCA065500CDA627 /* main.m in Sources */,
			);
			runOnlyForDeploymentPostprocessing = 0;
		};
		049BBFEF1CCA065500CDA627 /* Sources */ = {
			isa = PBXSourcesBuildPhase;
			buildActionMask = 2147483647;
			files = (
				049BBFF81CCA065500CDA627 /* iOSTests.m in Sources */,
			);
			runOnlyForDeploymentPostprocessing = 0;
		};
		049BBFFA1CCA065500CDA627 /* Sources */ = {
			isa = PBXSourcesBuildPhase;
			buildActionMask = 2147483647;
			files = (
				049BC0031CCA065500CDA627 /* iOSUITests.m in Sources */,
			);
			runOnlyForDeploymentPostprocessing = 0;
		};
/* End PBXSourcesBuildPhase section */

/* Begin PBXTargetDependency section */
		049BBFF51CCA065500CDA627 /* PBXTargetDependency */ = {
			isa = PBXTargetDependency;
			target = 049BBFD91CCA065500CDA627 /* iOS */;
			targetProxy = 049BBFF41CCA065500CDA627 /* PBXContainerItemProxy */;
		};
		049BC0001CCA065500CDA627 /* PBXTargetDependency */ = {
			isa = PBXTargetDependency;
			target = 049BBFD91CCA065500CDA627 /* iOS */;
			targetProxy = 049BBFFF1CCA065500CDA627 /* PBXContainerItemProxy */;
		};
/* End PBXTargetDependency section */

/* Begin PBXVariantGroup section */
		049BBFE61CCA065500CDA627 /* Main.storyboard */ = {
			isa = PBXVariantGroup;
			children = (
				049BBFE71CCA065500CDA627 /* Base */,
			);
			name = Main.storyboard;
			sourceTree = "<group>";
		};
		049BBFEB1CCA065500CDA627 /* LaunchScreen.storyboard */ = {
			isa = PBXVariantGroup;
			children = (
				049BBFEC1CCA065500CDA627 /* Base */,
			);
			name = LaunchScreen.storyboard;
			sourceTree = "<group>";
		};
/* End PBXVariantGroup section */

/* Begin XCBuildConfiguration section */
		049BC0051CCA065500CDA627 /* Debug */ = {
			isa = XCBuildConfiguration;
			buildSettings = {
				ALWAYS_SEARCH_USER_PATHS = NO;
				CLANG_CXX_LANGUAGE_STANDARD = "gnu++0x";
				CLANG_CXX_LIBRARY = "libc++";
				CLANG_ENABLE_MODULES = YES;
				CLANG_ENABLE_OBJC_ARC = YES;
				CLANG_WARN_BOOL_CONVERSION = YES;
				CLANG_WARN_CONSTANT_CONVERSION = YES;
				CLANG_WARN_DIRECT_OBJC_ISA_USAGE = YES_ERROR;
				CLANG_WARN_EMPTY_BODY = YES;
				CLANG_WARN_ENUM_CONVERSION = YES;
				CLANG_WARN_INT_CONVERSION = YES;
				CLANG_WARN_OBJC_ROOT_CLASS = YES_ERROR;
				CLANG_WARN_UNREACHABLE_CODE = YES;
				CLANG_WARN__DUPLICATE_METHOD_MATCH = YES;
				"CODE_SIGN_IDENTITY[sdk=iphoneos*]" = "iPhone Developer";
				COPY_PHASE_STRIP = NO;
				DEBUG_INFORMATION_FORMAT = dwarf;
				ENABLE_STRICT_OBJC_MSGSEND = YES;
				ENABLE_TESTABILITY = YES;
				GCC_C_LANGUAGE_STANDARD = gnu99;
				GCC_DYNAMIC_NO_PIC = NO;
				GCC_NO_COMMON_BLOCKS = YES;
				GCC_OPTIMIZATION_LEVEL = 0;
				GCC_PREPROCESSOR_DEFINITIONS = (
					"DEBUG=1",
					"$(inherited)",
				);
				GCC_WARN_64_TO_32_BIT_CONVERSION = YES;
				GCC_WARN_ABOUT_RETURN_TYPE = YES_ERROR;
				GCC_WARN_UNDECLARED_SELECTOR = YES;
				GCC_WARN_UNINITIALIZED_AUTOS = YES_AGGRESSIVE;
				GCC_WARN_UNUSED_FUNCTION = YES;
				GCC_WARN_UNUSED_VARIABLE = YES;
				IPHONEOS_DEPLOYMENT_TARGET = 9.1;
				MTL_ENABLE_DEBUG_INFO = YES;
				ONLY_ACTIVE_ARCH = YES;
				SDKROOT = iphoneos;
			};
			name = Debug;
		};
		049BC0061CCA065500CDA627 /* Release */ = {
			isa = XCBuildConfiguration;
			buildSettings = {
				ALWAYS_SEARCH_USER_PATHS = NO;
				CLANG_CXX_LANGUAGE_STANDARD = "gnu++0x";
				CLANG_CXX_LIBRARY = "libc++";
				CLANG_ENABLE_MODULES = YES;
				CLANG_ENABLE_OBJC_ARC = YES;
				CLANG_WARN_BOOL_CONVERSION = YES;
				CLANG_WARN_CONSTANT_CONVERSION = YES;
				CLANG_WARN_DIRECT_OBJC_ISA_USAGE = YES_ERROR;
				CLANG_WARN_EMPTY_BODY = YES;
				CLANG_WARN_ENUM_CONVERSION = YES;
				CLANG_WARN_INT_CONVERSION = YES;
				CLANG_WARN_OBJC_ROOT_CLASS = YES_ERROR;
				CLANG_WARN_UNREACHABLE_CODE = YES;
				CLANG_WARN__DUPLICATE_METHOD_MATCH = YES;
				"CODE_SIGN_IDENTITY[sdk=iphoneos*]" = "iPhone Developer";
				COPY_PHASE_STRIP = NO;
				DEBUG_INFORMATION_FORMAT = "dwarf-with-dsym";
				ENABLE_NS_ASSERTIONS = NO;
				ENABLE_STRICT_OBJC_MSGSEND = YES;
				GCC_C_LANGUAGE_STANDARD = gnu99;
				GCC_NO_COMMON_BLOCKS = YES;
				GCC_WARN_64_TO_32_BIT_CONVERSION = YES;
				GCC_WARN_ABOUT_RETURN_TYPE = YES_ERROR;
				GCC_WARN_UNDECLARED_SELECTOR = YES;
				GCC_WARN_UNINITIALIZED_AUTOS = YES_AGGRESSIVE;
				GCC_WARN_UNUSED_FUNCTION = YES;
				GCC_WARN_UNUSED_VARIABLE = YES;
				IPHONEOS_DEPLOYMENT_TARGET = 9.1;
				MTL_ENABLE_DEBUG_INFO = NO;
				SDKROOT = iphoneos;
				VALIDATE_PRODUCT = YES;
			};
			name = Release;
		};
		049BC0081CCA065500CDA627 /* Debug */ = {
			isa = XCBuildConfiguration;
			buildSettings = {
				ASSETCATALOG_COMPILER_APPICON_NAME = AppIcon;
				INFOPLIST_FILE = iOS/Info.plist;
				LD_RUNPATH_SEARCH_PATHS = "$(inherited) @executable_path/Frameworks";
				PRODUCT_BUNDLE_IDENTIFIER = "--.iOS";
				PRODUCT_NAME = "$(TARGET_NAME)";
			};
			name = Debug;
		};
		049BC0091CCA065500CDA627 /* Release */ = {
			isa = XCBuildConfiguration;
			buildSettings = {
				ASSETCATALOG_COMPILER_APPICON_NAME = AppIcon;
				INFOPLIST_FILE = iOS/Info.plist;
				LD_RUNPATH_SEARCH_PATHS = "$(inherited) @executable_path/Frameworks";
				PRODUCT_BUNDLE_IDENTIFIER = "--.iOS";
				PRODUCT_NAME = "$(TARGET_NAME)";
			};
			name = Release;
		};
		049BC00B1CCA065500CDA627 /* Debug */ = {
			isa = XCBuildConfiguration;
			buildSettings = {
				BUNDLE_LOADER = "$(TEST_HOST)";
				INFOPLIST_FILE = iOSTests/Info.plist;
				LD_RUNPATH_SEARCH_PATHS = "$(inherited) @executable_path/Frameworks @loader_path/Frameworks";
				PRODUCT_BUNDLE_IDENTIFIER = "--.iOSTests";
				PRODUCT_NAME = "$(TARGET_NAME)";
				TEST_HOST = "$(BUILT_PRODUCTS_DIR)/iOS.app/iOS";
			};
			name = Debug;
		};
		049BC00C1CCA065500CDA627 /* Release */ = {
			isa = XCBuildConfiguration;
			buildSettings = {
				BUNDLE_LOADER = "$(TEST_HOST)";
				INFOPLIST_FILE = iOSTests/Info.plist;
				LD_RUNPATH_SEARCH_PATHS = "$(inherited) @executable_path/Frameworks @loader_path/Frameworks";
				PRODUCT_BUNDLE_IDENTIFIER = "--.iOSTests";
				PRODUCT_NAME = "$(TARGET_NAME)";
				TEST_HOST = "$(BUILT_PRODUCTS_DIR)/iOS.app/iOS";
			};
			name = Release;
		};
		049BC00E1CCA065500CDA627 /* Debug */ = {
			isa = XCBuildConfiguration;
			buildSettings = {
				INFOPLIST_FILE = iOSUITests/Info.plist;
				LD_RUNPATH_SEARCH_PATHS = "$(inherited) @executable_path/Frameworks @loader_path/Frameworks";
				PRODUCT_BUNDLE_IDENTIFIER = "--.iOSUITests";
				PRODUCT_NAME = "$(TARGET_NAME)";
				TEST_TARGET_NAME = iOS;
				USES_XCTRUNNER = YES;
			};
			name = Debug;
		};
		049BC00F1CCA065500CDA627 /* Release */ = {
			isa = XCBuildConfiguration;
			buildSettings = {
				INFOPLIST_FILE = iOSUITests/Info.plist;
				LD_RUNPATH_SEARCH_PATHS = "$(inherited) @executable_path/Frameworks @loader_path/Frameworks";
				PRODUCT_BUNDLE_IDENTIFIER = "--.iOSUITests";
				PRODUCT_NAME = "$(TARGET_NAME)";
				TEST_TARGET_NAME = iOS;
				USES_XCTRUNNER = YES;
			};
			name = Release;
		};
/* End XCBuildConfiguration section */

/* Begin XCConfigurationList section */
		049BBFD51CCA065500CDA627 /* Build configuration list for PBXProject "iOS" */ = {
			isa = XCConfigurationList;
			buildConfigurations = (
				049BC0051CCA065500CDA627 /* Debug */,
				049BC0061CCA065500CDA627 /* Release */,
			);
			defaultConfigurationIsVisible = 0;
			defaultConfigurationName = Release;
		};
		049BC0071CCA065500CDA627 /* Build configuration list for PBXNativeTarget "iOS" */ = {
			isa = XCConfigurationList;
			buildConfigurations = (
				049BC0081CCA065500CDA627 /* Debug */,
				049BC0091CCA065500CDA627 /* Release */,
			);
			defaultConfigurationIsVisible = 0;
		};
		049BC00A1CCA065500CDA627 /* Build configuration list for PBXNativeTarget "iOSTests" */ = {
			isa = XCConfigurationList;
			buildConfigurations = (
				049BC00B1CCA065500CDA627 /* Debug */,
				049BC00C1CCA065500CDA627 /* Release */,
			);
			defaultConfigurationIsVisible = 0;
		};
		049BC00D1CCA065500CDA627 /* Build configuration list for PBXNativeTarget "iOSUITests" */ = {
			isa = XCConfigurationList;
			buildConfigurations = (
				049BC00E1CCA065500CDA627 /* Debug */,
				049BC00F1CCA065500CDA627 /* Release */,
			);
			defaultConfigurationIsVisible = 0;
		};
/* End XCConfigurationList section */
	};
	rootObject = 049BBFD21CCA065500CDA627 /* Project object */;
}
