// !$*UTF8*$!
{
	archiveVersion = 1;
	classes = {
	};
	objectVersion = 46;
	objects = {

/* Begin PBXBuildFile section */
		04D3A5201C83DD350098A6B5 /* main.m in Sources */ = {isa = PBXBuildFile; fileRef = 04D3A51F1C83DD350098A6B5 /* main.m */; };
		04D3A5231C83DD350098A6B5 /* AppDelegate.m in Sources */ = {isa = PBXBuildFile; fileRef = 04D3A5221C83DD350098A6B5 /* AppDelegate.m */; };
		04D3A5261C83DD350098A6B5 /* ViewController.m in Sources */ = {isa = PBXBuildFile; fileRef = 04D3A5251C83DD350098A6B5 /* ViewController.m */; };
		04D3A5291C83DD350098A6B5 /* Main.storyboard in Resources */ = {isa = PBXBuildFile; fileRef = 04D3A5271C83DD350098A6B5 /* Main.storyboard */; };
		04D3A52B1C83DD350098A6B5 /* Assets.xcassets in Resources */ = {isa = PBXBuildFile; fileRef = 04D3A52A1C83DD350098A6B5 /* Assets.xcassets */; };
		04D3A52E1C83DD350098A6B5 /* LaunchScreen.storyboard in Resources */ = {isa = PBXBuildFile; fileRef = 04D3A52C1C83DD350098A6B5 /* LaunchScreen.storyboard */; };
		04D3A5391C83DD350098A6B5 /* SingTestSelfTests.m in Sources */ = {isa = PBXBuildFile; fileRef = 04D3A5381C83DD350098A6B5 /* SingTestSelfTests.m */; };
		04D3A5441C83DD350098A6B5 /* SingTestSelfUITests.m in Sources */ = {isa = PBXBuildFile; fileRef = 04D3A5431C83DD350098A6B5 /* SingTestSelfUITests.m */; };
		04D3A5531C83DD570098A6B5 /* Single.m in Sources */ = {isa = PBXBuildFile; fileRef = 04D3A5521C83DD570098A6B5 /* Single.m */; };
		04D3A5571C83DED00098A6B5 /* SecondViewController.m in Sources */ = {isa = PBXBuildFile; fileRef = 04D3A5551C83DED00098A6B5 /* SecondViewController.m */; };
		04D3A5581C83DED00098A6B5 /* SecondViewController.xib in Resources */ = {isa = PBXBuildFile; fileRef = 04D3A5561C83DED00098A6B5 /* SecondViewController.xib */; };
/* End PBXBuildFile section */

/* Begin PBXContainerItemProxy section */
		04D3A5351C83DD350098A6B5 /* PBXContainerItemProxy */ = {
			isa = PBXContainerItemProxy;
			containerPortal = 04D3A5131C83DD350098A6B5 /* Project object */;
			proxyType = 1;
			remoteGlobalIDString = 04D3A51A1C83DD350098A6B5;
			remoteInfo = SingTestSelf;
		};
		04D3A5401C83DD350098A6B5 /* PBXContainerItemProxy */ = {
			isa = PBXContainerItemProxy;
			containerPortal = 04D3A5131C83DD350098A6B5 /* Project object */;
			proxyType = 1;
			remoteGlobalIDString = 04D3A51A1C83DD350098A6B5;
			remoteInfo = SingTestSelf;
		};
/* End PBXContainerItemProxy section */

/* Begin PBXFileReference section */
		04D3A51B1C83DD350098A6B5 /* SingTestSelf.app */ = {isa = PBXFileReference; explicitFileType = wrapper.application; includeInIndex = 0; path = SingTestSelf.app; sourceTree = BUILT_PRODUCTS_DIR; };
		04D3A51F1C83DD350098A6B5 /* main.m */ = {isa = PBXFileReference; lastKnownFileType = sourcecode.c.objc; path = main.m; sourceTree = "<group>"; };
		04D3A5211C83DD350098A6B5 /* AppDelegate.h */ = {isa = PBXFileReference; lastKnownFileType = sourcecode.c.h; path = AppDelegate.h; sourceTree = "<group>"; };
		04D3A5221C83DD350098A6B5 /* AppDelegate.m */ = {isa = PBXFileReference; lastKnownFileType = sourcecode.c.objc; path = AppDelegate.m; sourceTree = "<group>"; };
		04D3A5241C83DD350098A6B5 /* ViewController.h */ = {isa = PBXFileReference; lastKnownFileType = sourcecode.c.h; path = ViewController.h; sourceTree = "<group>"; };
		04D3A5251C83DD350098A6B5 /* ViewController.m */ = {isa = PBXFileReference; lastKnownFileType = sourcecode.c.objc; path = ViewController.m; sourceTree = "<group>"; };
		04D3A5281C83DD350098A6B5 /* Base */ = {isa = PBXFileReference; lastKnownFileType = file.storyboard; name = Base; path = Base.lproj/Main.storyboard; sourceTree = "<group>"; };
		04D3A52A1C83DD350098A6B5 /* Assets.xcassets */ = {isa = PBXFileReference; lastKnownFileType = folder.assetcatalog; path = Assets.xcassets; sourceTree = "<group>"; };
		04D3A52D1C83DD350098A6B5 /* Base */ = {isa = PBXFileReference; lastKnownFileType = file.storyboard; name = Base; path = Base.lproj/LaunchScreen.storyboard; sourceTree = "<group>"; };
		04D3A52F1C83DD350098A6B5 /* Info.plist */ = {isa = PBXFileReference; lastKnownFileType = text.plist.xml; path = Info.plist; sourceTree = "<group>"; };
		04D3A5341C83DD350098A6B5 /* SingTestSelfTests.xctest */ = {isa = PBXFileReference; explicitFileType = wrapper.cfbundle; includeInIndex = 0; path = SingTestSelfTests.xctest; sourceTree = BUILT_PRODUCTS_DIR; };
		04D3A5381C83DD350098A6B5 /* SingTestSelfTests.m */ = {isa = PBXFileReference; lastKnownFileType = sourcecode.c.objc; path = SingTestSelfTests.m; sourceTree = "<group>"; };
		04D3A53A1C83DD350098A6B5 /* Info.plist */ = {isa = PBXFileReference; lastKnownFileType = text.plist.xml; path = Info.plist; sourceTree = "<group>"; };
		04D3A53F1C83DD350098A6B5 /* SingTestSelfUITests.xctest */ = {isa = PBXFileReference; explicitFileType = wrapper.cfbundle; includeInIndex = 0; path = SingTestSelfUITests.xctest; sourceTree = BUILT_PRODUCTS_DIR; };
		04D3A5431C83DD350098A6B5 /* SingTestSelfUITests.m */ = {isa = PBXFileReference; lastKnownFileType = sourcecode.c.objc; path = SingTestSelfUITests.m; sourceTree = "<group>"; };
		04D3A5451C83DD350098A6B5 /* Info.plist */ = {isa = PBXFileReference; lastKnownFileType = text.plist.xml; path = Info.plist; sourceTree = "<group>"; };
		04D3A5511C83DD570098A6B5 /* Single.h */ = {isa = PBXFileReference; fileEncoding = 4; lastKnownFileType = sourcecode.c.h; path = Single.h; sourceTree = "<group>"; };
		04D3A5521C83DD570098A6B5 /* Single.m */ = {isa = PBXFileReference; fileEncoding = 4; lastKnownFileType = sourcecode.c.objc; path = Single.m; sourceTree = "<group>"; };
		04D3A5541C83DED00098A6B5 /* SecondViewController.h */ = {isa = PBXFileReference; fileEncoding = 4; lastKnownFileType = sourcecode.c.h; path = SecondViewController.h; sourceTree = "<group>"; };
		04D3A5551C83DED00098A6B5 /* SecondViewController.m */ = {isa = PBXFileReference; fileEncoding = 4; lastKnownFileType = sourcecode.c.objc; path = SecondViewController.m; sourceTree = "<group>"; };
		04D3A5561C83DED00098A6B5 /* SecondViewController.xib */ = {isa = PBXFileReference; fileEncoding = 4; lastKnownFileType = file.xib; path = SecondViewController.xib; sourceTree = "<group>"; };
/* End PBXFileReference section */

/* Begin PBXFrameworksBuildPhase section */
		04D3A5181C83DD350098A6B5 /* Frameworks */ = {
			isa = PBXFrameworksBuildPhase;
			buildActionMask = 2147483647;
			files = (
			);
			runOnlyForDeploymentPostprocessing = 0;
		};
		04D3A5311C83DD350098A6B5 /* Frameworks */ = {
			isa = PBXFrameworksBuildPhase;
			buildActionMask = 2147483647;
			files = (
			);
			runOnlyForDeploymentPostprocessing = 0;
		};
		04D3A53C1C83DD350098A6B5 /* Frameworks */ = {
			isa = PBXFrameworksBuildPhase;
			buildActionMask = 2147483647;
			files = (
			);
			runOnlyForDeploymentPostprocessing = 0;
		};
/* End PBXFrameworksBuildPhase section */

/* Begin PBXGroup section */
		04D3A5121C83DD350098A6B5 = {
			isa = PBXGroup;
			children = (
				04D3A51D1C83DD350098A6B5 /* SingTestSelf */,
				04D3A5371C83DD350098A6B5 /* SingTestSelfTests */,
				04D3A5421C83DD350098A6B5 /* SingTestSelfUITests */,
				04D3A51C1C83DD350098A6B5 /* Products */,
			);
			sourceTree = "<group>";
		};
		04D3A51C1C83DD350098A6B5 /* Products */ = {
			isa = PBXGroup;
			children = (
				04D3A51B1C83DD350098A6B5 /* SingTestSelf.app */,
				04D3A5341C83DD350098A6B5 /* SingTestSelfTests.xctest */,
				04D3A53F1C83DD350098A6B5 /* SingTestSelfUITests.xctest */,
			);
			name = Products;
			sourceTree = "<group>";
		};
		04D3A51D1C83DD350098A6B5 /* SingTestSelf */ = {
			isa = PBXGroup;
			children = (
				04D3A5211C83DD350098A6B5 /* AppDelegate.h */,
				04D3A5221C83DD350098A6B5 /* AppDelegate.m */,
				04D3A5241C83DD350098A6B5 /* ViewController.h */,
				04D3A5251C83DD350098A6B5 /* ViewController.m */,
				04D3A5541C83DED00098A6B5 /* SecondViewController.h */,
				04D3A5551C83DED00098A6B5 /* SecondViewController.m */,
				04D3A5561C83DED00098A6B5 /* SecondViewController.xib */,
				04D3A5511C83DD570098A6B5 /* Single.h */,
				04D3A5521C83DD570098A6B5 /* Single.m */,
				04D3A5271C83DD350098A6B5 /* Main.storyboard */,
				04D3A52A1C83DD350098A6B5 /* Assets.xcassets */,
				04D3A52C1C83DD350098A6B5 /* LaunchScreen.storyboard */,
				04D3A52F1C83DD350098A6B5 /* Info.plist */,
				04D3A51E1C83DD350098A6B5 /* Supporting Files */,
			);
			path = SingTestSelf;
			sourceTree = "<group>";
		};
		04D3A51E1C83DD350098A6B5 /* Supporting Files */ = {
			isa = PBXGroup;
			children = (
				04D3A51F1C83DD350098A6B5 /* main.m */,
			);
			name = "Supporting Files";
			sourceTree = "<group>";
		};
		04D3A5371C83DD350098A6B5 /* SingTestSelfTests */ = {
			isa = PBXGroup;
			children = (
				04D3A5381C83DD350098A6B5 /* SingTestSelfTests.m */,
				04D3A53A1C83DD350098A6B5 /* Info.plist */,
			);
			path = SingTestSelfTests;
			sourceTree = "<group>";
		};
		04D3A5421C83DD350098A6B5 /* SingTestSelfUITests */ = {
			isa = PBXGroup;
			children = (
				04D3A5431C83DD350098A6B5 /* SingTestSelfUITests.m */,
				04D3A5451C83DD350098A6B5 /* Info.plist */,
			);
			path = SingTestSelfUITests;
			sourceTree = "<group>";
		};
/* End PBXGroup section */

/* Begin PBXNativeTarget section */
		04D3A51A1C83DD350098A6B5 /* SingTestSelf */ = {
			isa = PBXNativeTarget;
			buildConfigurationList = 04D3A5481C83DD350098A6B5 /* Build configuration list for PBXNativeTarget "SingTestSelf" */;
			buildPhases = (
				04D3A5171C83DD350098A6B5 /* Sources */,
				04D3A5181C83DD350098A6B5 /* Frameworks */,
				04D3A5191C83DD350098A6B5 /* Resources */,
			);
			buildRules = (
			);
			dependencies = (
			);
			name = SingTestSelf;
			productName = SingTestSelf;
			productReference = 04D3A51B1C83DD350098A6B5 /* SingTestSelf.app */;
			productType = "com.apple.product-type.application";
		};
		04D3A5331C83DD350098A6B5 /* SingTestSelfTests */ = {
			isa = PBXNativeTarget;
			buildConfigurationList = 04D3A54B1C83DD350098A6B5 /* Build configuration list for PBXNativeTarget "SingTestSelfTests" */;
			buildPhases = (
				04D3A5301C83DD350098A6B5 /* Sources */,
				04D3A5311C83DD350098A6B5 /* Frameworks */,
				04D3A5321C83DD350098A6B5 /* Resources */,
			);
			buildRules = (
			);
			dependencies = (
				04D3A5361C83DD350098A6B5 /* PBXTargetDependency */,
			);
			name = SingTestSelfTests;
			productName = SingTestSelfTests;
			productReference = 04D3A5341C83DD350098A6B5 /* SingTestSelfTests.xctest */;
			productType = "com.apple.product-type.bundle.unit-test";
		};
		04D3A53E1C83DD350098A6B5 /* SingTestSelfUITests */ = {
			isa = PBXNativeTarget;
			buildConfigurationList = 04D3A54E1C83DD350098A6B5 /* Build configuration list for PBXNativeTarget "SingTestSelfUITests" */;
			buildPhases = (
				04D3A53B1C83DD350098A6B5 /* Sources */,
				04D3A53C1C83DD350098A6B5 /* Frameworks */,
				04D3A53D1C83DD350098A6B5 /* Resources */,
			);
			buildRules = (
			);
			dependencies = (
				04D3A5411C83DD350098A6B5 /* PBXTargetDependency */,
			);
			name = SingTestSelfUITests;
			productName = SingTestSelfUITests;
			productReference = 04D3A53F1C83DD350098A6B5 /* SingTestSelfUITests.xctest */;
			productType = "com.apple.product-type.bundle.ui-testing";
		};
/* End PBXNativeTarget section */

/* Begin PBXProject section */
		04D3A5131C83DD350098A6B5 /* Project object */ = {
			isa = PBXProject;
			attributes = {
				LastUpgradeCheck = 0710;
				ORGANIZATIONNAME = afei;
				TargetAttributes = {
					04D3A51A1C83DD350098A6B5 = {
						CreatedOnToolsVersion = 7.1;
					};
					04D3A5331C83DD350098A6B5 = {
						CreatedOnToolsVersion = 7.1;
						TestTargetID = 04D3A51A1C83DD350098A6B5;
					};
					04D3A53E1C83DD350098A6B5 = {
						CreatedOnToolsVersion = 7.1;
						TestTargetID = 04D3A51A1C83DD350098A6B5;
					};
				};
			};
			buildConfigurationList = 04D3A5161C83DD350098A6B5 /* Build configuration list for PBXProject "SingTestSelf" */;
			compatibilityVersion = "Xcode 3.2";
			developmentRegion = English;
			hasScannedForEncodings = 0;
			knownRegions = (
				en,
				Base,
			);
			mainGroup = 04D3A5121C83DD350098A6B5;
			productRefGroup = 04D3A51C1C83DD350098A6B5 /* Products */;
			projectDirPath = "";
			projectRoot = "";
			targets = (
				04D3A51A1C83DD350098A6B5 /* SingTestSelf */,
				04D3A5331C83DD350098A6B5 /* SingTestSelfTests */,
				04D3A53E1C83DD350098A6B5 /* SingTestSelfUITests */,
			);
		};
/* End PBXProject section */

/* Begin PBXResourcesBuildPhase section */
		04D3A5191C83DD350098A6B5 /* Resources */ = {
			isa = PBXResourcesBuildPhase;
			buildActionMask = 2147483647;
			files = (
				04D3A5581C83DED00098A6B5 /* SecondViewController.xib in Resources */,
				04D3A52E1C83DD350098A6B5 /* LaunchScreen.storyboard in Resources */,
				04D3A52B1C83DD350098A6B5 /* Assets.xcassets in Resources */,
				04D3A5291C83DD350098A6B5 /* Main.storyboard in Resources */,
			);
			runOnlyForDeploymentPostprocessing = 0;
		};
		04D3A5321C83DD350098A6B5 /* Resources */ = {
			isa = PBXResourcesBuildPhase;
			buildActionMask = 2147483647;
			files = (
			);
			runOnlyForDeploymentPostprocessing = 0;
		};
		04D3A53D1C83DD350098A6B5 /* Resources */ = {
			isa = PBXResourcesBuildPhase;
			buildActionMask = 2147483647;
			files = (
			);
			runOnlyForDeploymentPostprocessing = 0;
		};
/* End PBXResourcesBuildPhase section */

/* Begin PBXSourcesBuildPhase section */
		04D3A5171C83DD350098A6B5 /* Sources */ = {
			isa = PBXSourcesBuildPhase;
			buildActionMask = 2147483647;
			files = (
				04D3A5571C83DED00098A6B5 /* SecondViewController.m in Sources */,
				04D3A5261C83DD350098A6B5 /* ViewController.m in Sources */,
				04D3A5531C83DD570098A6B5 /* Single.m in Sources */,
				04D3A5231C83DD350098A6B5 /* AppDelegate.m in Sources */,
				04D3A5201C83DD350098A6B5 /* main.m in Sources */,
			);
			runOnlyForDeploymentPostprocessing = 0;
		};
		04D3A5301C83DD350098A6B5 /* Sources */ = {
			isa = PBXSourcesBuildPhase;
			buildActionMask = 2147483647;
			files = (
				04D3A5391C83DD350098A6B5 /* SingTestSelfTests.m in Sources */,
			);
			runOnlyForDeploymentPostprocessing = 0;
		};
		04D3A53B1C83DD350098A6B5 /* Sources */ = {
			isa = PBXSourcesBuildPhase;
			buildActionMask = 2147483647;
			files = (
				04D3A5441C83DD350098A6B5 /* SingTestSelfUITests.m in Sources */,
			);
			runOnlyForDeploymentPostprocessing = 0;
		};
/* End PBXSourcesBuildPhase section */

/* Begin PBXTargetDependency section */
		04D3A5361C83DD350098A6B5 /* PBXTargetDependency */ = {
			isa = PBXTargetDependency;
			target = 04D3A51A1C83DD350098A6B5 /* SingTestSelf */;
			targetProxy = 04D3A5351C83DD350098A6B5 /* PBXContainerItemProxy */;
		};
		04D3A5411C83DD350098A6B5 /* PBXTargetDependency */ = {
			isa = PBXTargetDependency;
			target = 04D3A51A1C83DD350098A6B5 /* SingTestSelf */;
			targetProxy = 04D3A5401C83DD350098A6B5 /* PBXContainerItemProxy */;
		};
/* End PBXTargetDependency section */

/* Begin PBXVariantGroup section */
		04D3A5271C83DD350098A6B5 /* Main.storyboard */ = {
			isa = PBXVariantGroup;
			children = (
				04D3A5281C83DD350098A6B5 /* Base */,
			);
			name = Main.storyboard;
			sourceTree = "<group>";
		};
		04D3A52C1C83DD350098A6B5 /* LaunchScreen.storyboard */ = {
			isa = PBXVariantGroup;
			children = (
				04D3A52D1C83DD350098A6B5 /* Base */,
			);
			name = LaunchScreen.storyboard;
			sourceTree = "<group>";
		};
/* End PBXVariantGroup section */

/* Begin XCBuildConfiguration section */
		04D3A5461C83DD350098A6B5 /* Debug */ = {
			isa = XCBuildConfiguration;
			buildSettings = {
				ALWAYS_SEARCH_USER_PATHS = NO;
				CLANG_CXX_LANGUAGE_STANDARD = "gnu++0x";
				CLANG_CXX_LIBRARY = "libc++";
				CLANG_ENABLE_MODULES = YES;
				CLANG_ENABLE_OBJC_ARC = YES;
				CLANG_WARN_BOOL_CONVERSION = YES;
				CLANG_WARN_CONSTANT_CONVERSION = YES;
				CLANG_WARN_DIRECT_OBJC_ISA_USAGE = YES_ERROR;
				CLANG_WARN_EMPTY_BODY = YES;
				CLANG_WARN_ENUM_CONVERSION = YES;
				CLANG_WARN_INT_CONVERSION = YES;
				CLANG_WARN_OBJC_ROOT_CLASS = YES_ERROR;
				CLANG_WARN_UNREACHABLE_CODE = YES;
				CLANG_WARN__DUPLICATE_METHOD_MATCH = YES;
				"CODE_SIGN_IDENTITY[sdk=iphoneos*]" = "iPhone Developer";
				COPY_PHASE_STRIP = NO;
				DEBUG_INFORMATION_FORMAT = dwarf;
				ENABLE_STRICT_OBJC_MSGSEND = YES;
				ENABLE_TESTABILITY = YES;
				GCC_C_LANGUAGE_STANDARD = gnu99;
				GCC_DYNAMIC_NO_PIC = NO;
				GCC_NO_COMMON_BLOCKS = YES;
				GCC_OPTIMIZATION_LEVEL = 0;
				GCC_PREPROCESSOR_DEFINITIONS = (
					"DEBUG=1",
					"$(inherited)",
				);
				GCC_WARN_64_TO_32_BIT_CONVERSION = YES;
				GCC_WARN_ABOUT_RETURN_TYPE = YES_ERROR;
				GCC_WARN_UNDECLARED_SELECTOR = YES;
				GCC_WARN_UNINITIALIZED_AUTOS = YES_AGGRESSIVE;
				GCC_WARN_UNUSED_FUNCTION = YES;
				GCC_WARN_UNUSED_VARIABLE = YES;
				IPHONEOS_DEPLOYMENT_TARGET = 9.1;
				MTL_ENABLE_DEBUG_INFO = YES;
				ONLY_ACTIVE_ARCH = YES;
				SDKROOT = iphoneos;
			};
			name = Debug;
		};
		04D3A5471C83DD350098A6B5 /* Release */ = {
			isa = XCBuildConfiguration;
			buildSettings = {
				ALWAYS_SEARCH_USER_PATHS = NO;
				CLANG_CXX_LANGUAGE_STANDARD = "gnu++0x";
				CLANG_CXX_LIBRARY = "libc++";
				CLANG_ENABLE_MODULES = YES;
				CLANG_ENABLE_OBJC_ARC = YES;
				CLANG_WARN_BOOL_CONVERSION = YES;
				CLANG_WARN_CONSTANT_CONVERSION = YES;
				CLANG_WARN_DIRECT_OBJC_ISA_USAGE = YES_ERROR;
				CLANG_WARN_EMPTY_BODY = YES;
				CLANG_WARN_ENUM_CONVERSION = YES;
				CLANG_WARN_INT_CONVERSION = YES;
				CLANG_WARN_OBJC_ROOT_CLASS = YES_ERROR;
				CLANG_WARN_UNREACHABLE_CODE = YES;
				CLANG_WARN__DUPLICATE_METHOD_MATCH = YES;
				"CODE_SIGN_IDENTITY[sdk=iphoneos*]" = "iPhone Developer";
				COPY_PHASE_STRIP = NO;
				DEBUG_INFORMATION_FORMAT = "dwarf-with-dsym";
				ENABLE_NS_ASSERTIONS = NO;
				ENABLE_STRICT_OBJC_MSGSEND = YES;
				GCC_C_LANGUAGE_STANDARD = gnu99;
				GCC_NO_COMMON_BLOCKS = YES;
				GCC_WARN_64_TO_32_BIT_CONVERSION = YES;
				GCC_WARN_ABOUT_RETURN_TYPE = YES_ERROR;
				GCC_WARN_UNDECLARED_SELECTOR = YES;
				GCC_WARN_UNINITIALIZED_AUTOS = YES_AGGRESSIVE;
				GCC_WARN_UNUSED_FUNCTION = YES;
				GCC_WARN_UNUSED_VARIABLE = YES;
				IPHONEOS_DEPLOYMENT_TARGET = 9.1;
				MTL_ENABLE_DEBUG_INFO = NO;
				SDKROOT = iphoneos;
				VALIDATE_PRODUCT = YES;
			};
			name = Release;
		};
		04D3A5491C83DD350098A6B5 /* Debug */ = {
			isa = XCBuildConfiguration;
			buildSettings = {
				ASSETCATALOG_COMPILER_APPICON_NAME = AppIcon;
				CLANG_ENABLE_OBJC_ARC = NO;
				INFOPLIST_FILE = SingTestSelf/Info.plist;
				LD_RUNPATH_SEARCH_PATHS = "$(inherited) @executable_path/Frameworks";
				PRODUCT_BUNDLE_IDENTIFIER = "--.SingTestSelf";
				PRODUCT_NAME = "$(TARGET_NAME)";
			};
			name = Debug;
		};
		04D3A54A1C83DD350098A6B5 /* Release */ = {
			isa = XCBuildConfiguration;
			buildSettings = {
				ASSETCATALOG_COMPILER_APPICON_NAME = AppIcon;
				CLANG_ENABLE_OBJC_ARC = NO;
				INFOPLIST_FILE = SingTestSelf/Info.plist;
				LD_RUNPATH_SEARCH_PATHS = "$(inherited) @executable_path/Frameworks";
				PRODUCT_BUNDLE_IDENTIFIER = "--.SingTestSelf";
				PRODUCT_NAME = "$(TARGET_NAME)";
			};
			name = Release;
		};
		04D3A54C1C83DD350098A6B5 /* Debug */ = {
			isa = XCBuildConfiguration;
			buildSettings = {
				BUNDLE_LOADER = "$(TEST_HOST)";
				INFOPLIST_FILE = SingTestSelfTests/Info.plist;
				LD_RUNPATH_SEARCH_PATHS = "$(inherited) @executable_path/Frameworks @loader_path/Frameworks";
				PRODUCT_BUNDLE_IDENTIFIER = "--.SingTestSelfTests";
				PRODUCT_NAME = "$(TARGET_NAME)";
				TEST_HOST = "$(BUILT_PRODUCTS_DIR)/SingTestSelf.app/SingTestSelf";
			};
			name = Debug;
		};
		04D3A54D1C83DD350098A6B5 /* Release */ = {
			isa = XCBuildConfiguration;
			buildSettings = {
				BUNDLE_LOADER = "$(TEST_HOST)";
				INFOPLIST_FILE = SingTestSelfTests/Info.plist;
				LD_RUNPATH_SEARCH_PATHS = "$(inherited) @executable_path/Frameworks @loader_path/Frameworks";
				PRODUCT_BUNDLE_IDENTIFIER = "--.SingTestSelfTests";
				PRODUCT_NAME = "$(TARGET_NAME)";
				TEST_HOST = "$(BUILT_PRODUCTS_DIR)/SingTestSelf.app/SingTestSelf";
			};
			name = Release;
		};
		04D3A54F1C83DD350098A6B5 /* Debug */ = {
			isa = XCBuildConfiguration;
			buildSettings = {
				INFOPLIST_FILE = SingTestSelfUITests/Info.plist;
				LD_RUNPATH_SEARCH_PATHS = "$(inherited) @executable_path/Frameworks @loader_path/Frameworks";
				PRODUCT_BUNDLE_IDENTIFIER = "--.SingTestSelfUITests";
				PRODUCT_NAME = "$(TARGET_NAME)";
				TEST_TARGET_NAME = SingTestSelf;
				USES_XCTRUNNER = YES;
			};
			name = Debug;
		};
		04D3A5501C83DD350098A6B5 /* Release */ = {
			isa = XCBuildConfiguration;
			buildSettings = {
				INFOPLIST_FILE = SingTestSelfUITests/Info.plist;
				LD_RUNPATH_SEARCH_PATHS = "$(inherited) @executable_path/Frameworks @loader_path/Frameworks";
				PRODUCT_BUNDLE_IDENTIFIER = "--.SingTestSelfUITests";
				PRODUCT_NAME = "$(TARGET_NAME)";
				TEST_TARGET_NAME = SingTestSelf;
				USES_XCTRUNNER = YES;
			};
			name = Release;
		};
/* End XCBuildConfiguration section */

/* Begin XCConfigurationList section */
		04D3A5161C83DD350098A6B5 /* Build configuration list for PBXProject "SingTestSelf" */ = {
			isa = XCConfigurationList;
			buildConfigurations = (
				04D3A5461C83DD350098A6B5 /* Debug */,
				04D3A5471C83DD350098A6B5 /* Release */,
			);
			defaultConfigurationIsVisible = 0;
			defaultConfigurationName = Release;
		};
		04D3A5481C83DD350098A6B5 /* Build configuration list for PBXNativeTarget "SingTestSelf" */ = {
			isa = XCConfigurationList;
			buildConfigurations = (
				04D3A5491C83DD350098A6B5 /* Debug */,
				04D3A54A1C83DD350098A6B5 /* Release */,
			);
			defaultConfigurationIsVisible = 0;
		};
		04D3A54B1C83DD350098A6B5 /* Build configuration list for PBXNativeTarget "SingTestSelfTests" */ = {
			isa = XCConfigurationList;
			buildConfigurations = (
				04D3A54C1C83DD350098A6B5 /* Debug */,
				04D3A54D1C83DD350098A6B5 /* Release */,
			);
			defaultConfigurationIsVisible = 0;
		};
		04D3A54E1C83DD350098A6B5 /* Build configuration list for PBXNativeTarget "SingTestSelfUITests" */ = {
			isa = XCConfigurationList;
			buildConfigurations = (
				04D3A54F1C83DD350098A6B5 /* Debug */,
				04D3A5501C83DD350098A6B5 /* Release */,
			);
			defaultConfigurationIsVisible = 0;
		};
/* End XCConfigurationList section */
	};
	rootObject = 04D3A5131C83DD350098A6B5 /* Project object */;
}
